
Microsoft Visual Studio Solution File, Format Version 12.00
# Visual Studio Version 17
VisualStudioVersion = 17.1.32210.238
MinimumVisualStudioVersion = 10.0.40219.1
Project("{FAE04EC0-301F-11D3-BF4B-00C04F79EFBC}") = "OpenSkyNetworkClient", "OpenSkyNetworkClient\OpenSkyNetworkClient.csproj", "{1A8EA08F-4351-4F75-9619-9AFBF66498CE}"
EndProject
Global
	GlobalSection(SolutionConfigurationPlatforms) = preSolution
		Debug|Any CPU = Debug|Any CPU
		Release|Any CPU = Release|Any CPU
	EndGlobalSection
	GlobalSection(ProjectConfigurationPlatforms) = postSolution
		{1A8EA08F-4351-4F75-9619-9AFBF66498CE}.Debug|Any CPU.ActiveCfg = Debug|Any CPU
		{1A8EA08F-4351-4F75-9619-9AFBF66498CE}.Debug|Any CPU.Build.0 = Debug|Any CPU
		{1A8EA08F-4351-4F75-9619-9AFBF66498CE}.Release|Any CPU.ActiveCfg = Release|Any CPU
		{1A8EA08F-4351-4F75-9619-9AFBF66498CE}.Release|Any CPU.Build.0 = Release|Any CPU
	EndGlobalSection
	GlobalSection(SolutionProperties) = preSolution
		HideSolutionNode = FALSE
	EndGlobalSection
	GlobalSection(ExtensibilityGlobals) = postSolution
		SolutionGuid = {3EFB58C7-2F37-4917-A225-0A7C459D05ED}
	EndGlobalSection
EndGlobal
